
Microsoft Visual Studio Solution File, Format Version 12.00
# Visual Studio Version 16
VisualStudioVersion = 16.0.29728.190
MinimumVisualStudioVersion = 10.0.40219.1
Project("{FAE04EC0-301F-11D3-BF4B-00C04F79EFBC}") = "SchoolLibrary", "SchoolLibrary\SchoolLibrary.csproj", "{30E48CE3-663B-4543-8B34-E3C84D651EA7}"
EndProject
Project("{FAE04EC0-301F-11D3-BF4B-00C04F79EFBC}") = "SchoolFormsApp", "SchoolFormsApp\SchoolFormsApp.csproj", "{E97F196D-5579-4677-9F01-3F4FDBEC1C78}"
EndProject
Global
	GlobalSection(SolutionConfigurationPlatforms) = preSolution
		Debug|Any CPU = Debug|Any CPU
		Release|Any CPU = Release|Any CPU
	EndGlobalSection
	GlobalSection(ProjectConfigurationPlatforms) = postSolution
		{30E48CE3-663B-4543-8B34-E3C84D651EA7}.Debug|Any CPU.ActiveCfg = Debug|Any CPU
		{30E48CE3-663B-4543-8B34-E3C84D651EA7}.Debug|Any CPU.Build.0 = Debug|Any CPU
		{30E48CE3-663B-4543-8B34-E3C84D651EA7}.Release|Any CPU.ActiveCfg = Release|Any CPU
		{30E48CE3-663B-4543-8B34-E3C84D651EA7}.Release|Any CPU.Build.0 = Release|Any CPU
		{E97F196D-5579-4677-9F01-3F4FDBEC1C78}.Debug|Any CPU.ActiveCfg = Debug|Any CPU
		{E97F196D-5579-4677-9F01-3F4FDBEC1C78}.Debug|Any CPU.Build.0 = Debug|Any CPU
		{E97F196D-5579-4677-9F01-3F4FDBEC1C78}.Release|Any CPU.ActiveCfg = Release|Any CPU
		{E97F196D-5579-4677-9F01-3F4FDBEC1C78}.Release|Any CPU.Build.0 = Release|Any CPU
	EndGlobalSection
	GlobalSection(SolutionProperties) = preSolution
		HideSolutionNode = FALSE
	EndGlobalSection
	GlobalSection(ExtensibilityGlobals) = postSolution
		SolutionGuid = {89305527-5126-487C-ACAF-F9C5F2D4D2F3}
	EndGlobalSection
EndGlobal
